
Microsoft Visual Studio Solution File, Format Version 12.00
Project("{FAE04EC0-301F-11D3-BF4B-00C04F79EFBC}") = "MyWebApp.DAL", "MyWebApp.DAL\MyWebApp.DAL.csproj", "{FAA5E51D-14FD-458E-86E1-30ED2E5F67AF}"
EndProject
Project("{FAE04EC0-301F-11D3-BF4B-00C04F79EFBC}") = "MyWebApp.WebAPI", "MyWebApp.WebAPI\MyWebApp.WebAPI.csproj", "{0E3B0C7C-2121-4D15-8B1E-140C4B74562E}"
EndProject
Project("{FAE04EC0-301F-11D3-BF4B-00C04F79EFBC}") = "MyWebApp.BLL", "MyWebApp.BLL\MyWebApp.BLL.csproj", "{F391588B-6D85-4F1D-81A4-8C664691603F}"
EndProject
Project("{FAE04EC0-301F-11D3-BF4B-00C04F79EFBC}") = "MyWebApp.Client", "MyWebApp.Client\MyWebApp.Client.csproj", "{9BDC59C4-2D9C-4B60-BD22-CFF0377A4C95}"
EndProject
Project("{FAE04EC0-301F-11D3-BF4B-00C04F79EFBC}") = "MyWebApp.Domain", "MyWebApp.Domain\MyWebApp.Domain.csproj", "{A8A4108B-889B-40B4-9CD6-DCF1A7A1FDA4}"
EndProject
Project("{FAE04EC0-301F-11D3-BF4B-00C04F79EFBC}") = "MyWebApp.BLL.Tests.Unit", "MyWebApp.BLL.Tests.Unit\MyWebApp.BLL.Tests.Unit.csproj", "{62DCFBE7-8EE2-44B7-BB68-9A4C7BF662EC}"
EndProject
Global
	GlobalSection(SolutionConfigurationPlatforms) = preSolution
		Debug|Any CPU = Debug|Any CPU
		Release|Any CPU = Release|Any CPU
	EndGlobalSection
	GlobalSection(ProjectConfigurationPlatforms) = postSolution
		{FAA5E51D-14FD-458E-86E1-30ED2E5F67AF}.Debug|Any CPU.ActiveCfg = Debug|Any CPU
		{FAA5E51D-14FD-458E-86E1-30ED2E5F67AF}.Debug|Any CPU.Build.0 = Debug|Any CPU
		{FAA5E51D-14FD-458E-86E1-30ED2E5F67AF}.Release|Any CPU.ActiveCfg = Release|Any CPU
		{FAA5E51D-14FD-458E-86E1-30ED2E5F67AF}.Release|Any CPU.Build.0 = Release|Any CPU
		{0E3B0C7C-2121-4D15-8B1E-140C4B74562E}.Debug|Any CPU.ActiveCfg = Debug|Any CPU
		{0E3B0C7C-2121-4D15-8B1E-140C4B74562E}.Debug|Any CPU.Build.0 = Debug|Any CPU
		{0E3B0C7C-2121-4D15-8B1E-140C4B74562E}.Release|Any CPU.ActiveCfg = Release|Any CPU
		{0E3B0C7C-2121-4D15-8B1E-140C4B74562E}.Release|Any CPU.Build.0 = Release|Any CPU
		{F391588B-6D85-4F1D-81A4-8C664691603F}.Debug|Any CPU.ActiveCfg = Debug|Any CPU
		{F391588B-6D85-4F1D-81A4-8C664691603F}.Debug|Any CPU.Build.0 = Debug|Any CPU
		{F391588B-6D85-4F1D-81A4-8C664691603F}.Release|Any CPU.ActiveCfg = Release|Any CPU
		{F391588B-6D85-4F1D-81A4-8C664691603F}.Release|Any CPU.Build.0 = Release|Any CPU
		{9BDC59C4-2D9C-4B60-BD22-CFF0377A4C95}.Debug|Any CPU.ActiveCfg = Debug|Any CPU
		{9BDC59C4-2D9C-4B60-BD22-CFF0377A4C95}.Debug|Any CPU.Build.0 = Debug|Any CPU
		{9BDC59C4-2D9C-4B60-BD22-CFF0377A4C95}.Release|Any CPU.ActiveCfg = Release|Any CPU
		{9BDC59C4-2D9C-4B60-BD22-CFF0377A4C95}.Release|Any CPU.Build.0 = Release|Any CPU
		{A8A4108B-889B-40B4-9CD6-DCF1A7A1FDA4}.Debug|Any CPU.ActiveCfg = Debug|Any CPU
		{A8A4108B-889B-40B4-9CD6-DCF1A7A1FDA4}.Debug|Any CPU.Build.0 = Debug|Any CPU
		{A8A4108B-889B-40B4-9CD6-DCF1A7A1FDA4}.Release|Any CPU.ActiveCfg = Release|Any CPU
		{A8A4108B-889B-40B4-9CD6-DCF1A7A1FDA4}.Release|Any CPU.Build.0 = Release|Any CPU
		{62DCFBE7-8EE2-44B7-BB68-9A4C7BF662EC}.Debug|Any CPU.ActiveCfg = Debug|Any CPU
		{62DCFBE7-8EE2-44B7-BB68-9A4C7BF662EC}.Debug|Any CPU.Build.0 = Debug|Any CPU
		{62DCFBE7-8EE2-44B7-BB68-9A4C7BF662EC}.Release|Any CPU.ActiveCfg = Release|Any CPU
		{62DCFBE7-8EE2-44B7-BB68-9A4C7BF662EC}.Release|Any CPU.Build.0 = Release|Any CPU
	EndGlobalSection
EndGlobal
